# THIS IS AN AUTOGENERATED FILE. DO NOT EDIT THIS FILE DIRECTLY.
# yarn lockfile v1


"@vant/weapp@^1.10.7":
  version "1.10.7"
  resolved "https://registry.npmmirror.com/@vant/weapp/-/weapp-1.10.7.tgz#d34d024c08deb6c248871ac04a150fa989cb90de"
  integrity sha512-R2FyCk0mK2xvUX2dMgVZjVG512RKBj7ELMDxjRJjhQWtw4495WBgbl5Yb4v2A6d4vWJe6z9toKgDJTciN0Bo9A==

dayjs@^1.11.6:
  version "1.11.6"
  resolved "https://registry.npmmirror.com/dayjs/-/dayjs-1.11.6.tgz#2e79a226314ec3ec904e3ee1dd5a4f5e5b1c7afb"
  integrity sha512-zZbY5giJAinCG+7AGaw0wIhNZ6J8AhWuSXKvuc1KAyMiRsvGQWqh4L+MomvhdAYjN+lqvVCMq1I41e3YHvXkyQ==

miniprogram-api-typings@^3.6.0:
  version "3.6.0"
  resolved "https://registry.npmmirror.com/miniprogram-api-typings/-/miniprogram-api-typings-3.6.0.tgz#1ba29d749ccd07ef710754430c37f45634ea0f76"
  integrity sha512-xwK3PzhhxnfWqDfBikHLdAbj7Wy4F887nBcQrzwuF758Fw2qC4ivpKPL9t0uJZk5QYnU28+NqA7Q3lzYGMHQnA==
